
Microsoft Visual Studio Solution File, Format Version 12.00
# Visual Studio Version 17
VisualStudioVersion = 17.12.35707.178
MinimumVisualStudioVersion = 10.0.40219.1
Project("{FAE04EC0-301F-11D3-BF4B-00C04F79EFBC}") = "Calculator", "Calculator.csproj", "{EDCDEF0A-0FAD-43A4-8DCF-2528CD3BB43E}"
EndProject
Project("{FAE04EC0-301F-11D3-BF4B-00C04F79EFBC}") = "CalculatorTest", "..\CalculatorTest\CalculatorTest.csproj", "{124AFA9E-D38C-485E-A2EF-78048CA0199F}"
EndProject
Global
	GlobalSection(SolutionConfigurationPlatforms) = preSolution
		Debug|Any CPU = Debug|Any CPU
		Release|Any CPU = Release|Any CPU
	EndGlobalSection
	GlobalSection(ProjectConfigurationPlatforms) = postSolution
		{EDCDEF0A-0FAD-43A4-8DCF-2528CD3BB43E}.Debug|Any CPU.ActiveCfg = Debug|Any CPU
		{EDCDEF0A-0FAD-43A4-8DCF-2528CD3BB43E}.Debug|Any CPU.Build.0 = Debug|Any CPU
		{EDCDEF0A-0FAD-43A4-8DCF-2528CD3BB43E}.Release|Any CPU.ActiveCfg = Release|Any CPU
		{EDCDEF0A-0FAD-43A4-8DCF-2528CD3BB43E}.Release|Any CPU.Build.0 = Release|Any CPU
		{124AFA9E-D38C-485E-A2EF-78048CA0199F}.Debug|Any CPU.ActiveCfg = Debug|Any CPU
		{124AFA9E-D38C-485E-A2EF-78048CA0199F}.Debug|Any CPU.Build.0 = Debug|Any CPU
		{124AFA9E-D38C-485E-A2EF-78048CA0199F}.Release|Any CPU.ActiveCfg = Release|Any CPU
		{124AFA9E-D38C-485E-A2EF-78048CA0199F}.Release|Any CPU.Build.0 = Release|Any CPU
	EndGlobalSection
	GlobalSection(SolutionProperties) = preSolution
		HideSolutionNode = FALSE
	EndGlobalSection
EndGlobal
